
Microsoft Visual Studio Solution File, Format Version 12.00
# Visual Studio Version 17
VisualStudioVersion = 17.4.33213.308
MinimumVisualStudioVersion = 10.0.40219.1
Project("{FAE04EC0-301F-11D3-BF4B-00C04F79EFBC}") = "Robootti", "Robootti\Robootti.csproj", "{F38C8609-B811-4ADA-8E38-835667AB878A}"
EndProject
Global
	GlobalSection(SolutionConfigurationPlatforms) = preSolution
		Debug|Any CPU = Debug|Any CPU
		Release|Any CPU = Release|Any CPU
	EndGlobalSection
	GlobalSection(ProjectConfigurationPlatforms) = postSolution
		{F38C8609-B811-4ADA-8E38-835667AB878A}.Debug|Any CPU.ActiveCfg = Debug|Any CPU
		{F38C8609-B811-4ADA-8E38-835667AB878A}.Debug|Any CPU.Build.0 = Debug|Any CPU
		{F38C8609-B811-4ADA-8E38-835667AB878A}.Release|Any CPU.ActiveCfg = Release|Any CPU
		{F38C8609-B811-4ADA-8E38-835667AB878A}.Release|Any CPU.Build.0 = Release|Any CPU
	EndGlobalSection
	GlobalSection(SolutionProperties) = preSolution
		HideSolutionNode = FALSE
	EndGlobalSection
	GlobalSection(ExtensibilityGlobals) = postSolution
		SolutionGuid = {76D80BF9-F29E-40B0-9098-801FCD9A8A23}
	EndGlobalSection
EndGlobal
